
Microsoft Visual Studio Solution File, Format Version 12.00
# Visual Studio Version 17
VisualStudioVersion = 17.1.32421.90
MinimumVisualStudioVersion = 10.0.40219.1
Project("{FAE04EC0-301F-11D3-BF4B-00C04F79EFBC}") = "Amirmohammad_Asadpour_HW09_Maktab71", "Amirmohammad_Asadpour_HW09_Maktab71\Amirmohammad_Asadpour_HW09_Maktab71.csproj", "{2A864A6E-D2D1-41E8-8CAD-5187144EFE23}"
EndProject
Global
	GlobalSection(SolutionConfigurationPlatforms) = preSolution
		Debug|Any CPU = Debug|Any CPU
		Release|Any CPU = Release|Any CPU
	EndGlobalSection
	GlobalSection(ProjectConfigurationPlatforms) = postSolution
		{2A864A6E-D2D1-41E8-8CAD-5187144EFE23}.Debug|Any CPU.ActiveCfg = Debug|Any CPU
		{2A864A6E-D2D1-41E8-8CAD-5187144EFE23}.Debug|Any CPU.Build.0 = Debug|Any CPU
		{2A864A6E-D2D1-41E8-8CAD-5187144EFE23}.Release|Any CPU.ActiveCfg = Release|Any CPU
		{2A864A6E-D2D1-41E8-8CAD-5187144EFE23}.Release|Any CPU.Build.0 = Release|Any CPU
	EndGlobalSection
	GlobalSection(SolutionProperties) = preSolution
		HideSolutionNode = FALSE
	EndGlobalSection
	GlobalSection(ExtensibilityGlobals) = postSolution
		SolutionGuid = {2D03FD56-D20E-4A43-91F8-E1E9C7BD7C34}
	EndGlobalSection
EndGlobal
